
Microsoft Visual Studio Solution File, Format Version 12.00
# Visual Studio Version 16
VisualStudioVersion = 16.0.35026.282
MinimumVisualStudioVersion = 10.0.40219.1
Project("{8BC9CEB8-8B4A-11D0-8D11-00A0C91BC942}") = "0_base", "0_base\0_base.vcxproj", "{5B90A5E5-B524-4CB9-BA07-959891FF092E}"
EndProject
Project("{8BC9CEB8-8B4A-11D0-8D11-00A0C91BC942}") = "1_1WndProc", "1_1WndProc\1_1WndProc.vcxproj", "{EFC583BA-9FF3-44A9-BB74-6A9C6297F684}"
EndProject
Project("{8BC9CEB8-8B4A-11D0-8D11-00A0C91BC942}") = "1_2Msg", "1_2Msg\1_2Msg.vcxproj", "{19F840DE-6517-47E3-9619-7FA67236CB55}"
EndProject
Project("{8BC9CEB8-8B4A-11D0-8D11-00A0C91BC942}") = "1_2Msg_1", "1_2Msg_1\1_2Msg_1.vcxproj", "{5445895A-7EC7-43BD-99B3-7A4C9E455BC9}"
EndProject
Project("{8BC9CEB8-8B4A-11D0-8D11-00A0C91BC942}") = "1_3Menu", "1_3Menu\1_3Menu.vcxproj", "{9A779E57-675A-4585-B923-D73FCB1B2104}"
EndProject
Project("{8BC9CEB8-8B4A-11D0-8D11-00A0C91BC942}") = "1_4Toolbar", "1_4Toolbar\1_4Toolbar.vcxproj", "{40EE779E-D02E-48BE-ABA0-C96482AAC545}"
EndProject
Project("{8BC9CEB8-8B4A-11D0-8D11-00A0C91BC942}") = "2_1DynamicAndDyncreate", "2_1DynamicAndDyncreate\2_1DynamicAndDyncreate.vcxproj", "{BEAB2873-4AE0-460E-BF16-D387E7C97AD3}"
EndProject
Project("{8BC9CEB8-8B4A-11D0-8D11-00A0C91BC942}") = "3_1View", "3_1View\3_1View.vcxproj", "{FAA00456-A2F3-4FF1-B1B9-F7FCC11D530A}"
EndProject
Project("{8BC9CEB8-8B4A-11D0-8D11-00A0C91BC942}") = "4_1Doc", "4_1Doc\4_1Doc.vcxproj", "{C6F2FB1F-2D22-45F5-B04C-22DC3945AED1}"
EndProject
Project("{8BC9CEB8-8B4A-11D0-8D11-00A0C91BC942}") = "4_2DocMsgOrder", "4_2DocMsgOrder\4_2DocMsgOrder.vcxproj", "{74FCEB43-38B6-40D5-8246-9710C37AC549}"
EndProject
Project("{8BC9CEB8-8B4A-11D0-8D11-00A0C91BC942}") = "5_1SingleDocView", "5_1SingleDocView\5_1SingleDocView.vcxproj", "{B831E2DE-DE28-4865-8601-4AE554E38B4E}"
EndProject
Project("{8BC9CEB8-8B4A-11D0-8D11-00A0C91BC942}") = "5_2MultiDocView", "5_2MultiDocView\5_2MultiDocView.vcxproj", "{AC6E9D23-0C9D-4F9C-933B-3BFC450EB840}"
EndProject
Project("{8BC9CEB8-8B4A-11D0-8D11-00A0C91BC942}") = "6Draw", "6Draw\6Draw.vcxproj", "{22E65E20-C68D-43FC-9FEF-CD529829B416}"
EndProject
Project("{8BC9CEB8-8B4A-11D0-8D11-00A0C91BC942}") = "7_1RwFile", "7_1RwFile\7_1RwFile.vcxproj", "{B0C1C300-38D1-4005-A73A-159A14B6B6B7}"
EndProject
Project("{8BC9CEB8-8B4A-11D0-8D11-00A0C91BC942}") = "7_2Serial", "7_2Serial\7_2Serial.vcxproj", "{B14596D9-5407-455B-9775-90AE4BB93449}"
EndProject
Project("{8BC9CEB8-8B4A-11D0-8D11-00A0C91BC942}") = "7_3SerialObject", "7_3SerialObject\7_3SerialObject.vcxproj", "{56C8F877-66F1-4C89-8462-36C1F4BA559D}"
EndProject
Project("{8BC9CEB8-8B4A-11D0-8D11-00A0C91BC942}") = "8_1WinDlg", "8_1WinDlg\8_1WinDlg.vcxproj", "{A1841750-7F55-4207-B3A2-A8CD4DE4EC88}"
EndProject
Global
	GlobalSection(SolutionConfigurationPlatforms) = preSolution
		Debug|x64 = Debug|x64
		Debug|x86 = Debug|x86
		Release|x64 = Release|x64
		Release|x86 = Release|x86
	EndGlobalSection
	GlobalSection(ProjectConfigurationPlatforms) = postSolution
		{5B90A5E5-B524-4CB9-BA07-959891FF092E}.Debug|x64.ActiveCfg = Debug|x64
		{5B90A5E5-B524-4CB9-BA07-959891FF092E}.Debug|x64.Build.0 = Debug|x64
		{5B90A5E5-B524-4CB9-BA07-959891FF092E}.Debug|x86.ActiveCfg = Debug|Win32
		{5B90A5E5-B524-4CB9-BA07-959891FF092E}.Debug|x86.Build.0 = Debug|Win32
		{5B90A5E5-B524-4CB9-BA07-959891FF092E}.Release|x64.ActiveCfg = Release|x64
		{5B90A5E5-B524-4CB9-BA07-959891FF092E}.Release|x64.Build.0 = Release|x64
		{5B90A5E5-B524-4CB9-BA07-959891FF092E}.Release|x86.ActiveCfg = Release|Win32
		{5B90A5E5-B524-4CB9-BA07-959891FF092E}.Release|x86.Build.0 = Release|Win32
		{EFC583BA-9FF3-44A9-BB74-6A9C6297F684}.Debug|x64.ActiveCfg = Debug|x64
		{EFC583BA-9FF3-44A9-BB74-6A9C6297F684}.Debug|x64.Build.0 = Debug|x64
		{EFC583BA-9FF3-44A9-BB74-6A9C6297F684}.Debug|x86.ActiveCfg = Debug|Win32
		{EFC583BA-9FF3-44A9-BB74-6A9C6297F684}.Debug|x86.Build.0 = Debug|Win32
		{EFC583BA-9FF3-44A9-BB74-6A9C6297F684}.Release|x64.ActiveCfg = Release|x64
		{EFC583BA-9FF3-44A9-BB74-6A9C6297F684}.Release|x64.Build.0 = Release|x64
		{EFC583BA-9FF3-44A9-BB74-6A9C6297F684}.Release|x86.ActiveCfg = Release|Win32
		{EFC583BA-9FF3-44A9-BB74-6A9C6297F684}.Release|x86.Build.0 = Release|Win32
		{19F840DE-6517-47E3-9619-7FA67236CB55}.Debug|x64.ActiveCfg = Debug|x64
		{19F840DE-6517-47E3-9619-7FA67236CB55}.Debug|x64.Build.0 = Debug|x64
		{19F840DE-6517-47E3-9619-7FA67236CB55}.Debug|x86.ActiveCfg = Debug|Win32
		{19F840DE-6517-47E3-9619-7FA67236CB55}.Debug|x86.Build.0 = Debug|Win32
		{19F840DE-6517-47E3-9619-7FA67236CB55}.Release|x64.ActiveCfg = Release|x64
		{19F840DE-6517-47E3-9619-7FA67236CB55}.Release|x64.Build.0 = Release|x64
		{19F840DE-6517-47E3-9619-7FA67236CB55}.Release|x86.ActiveCfg = Release|Win32
		{19F840DE-6517-47E3-9619-7FA67236CB55}.Release|x86.Build.0 = Release|Win32
		{5445895A-7EC7-43BD-99B3-7A4C9E455BC9}.Debug|x64.ActiveCfg = Debug|x64
		{5445895A-7EC7-43BD-99B3-7A4C9E455BC9}.Debug|x64.Build.0 = Debug|x64
		{5445895A-7EC7-43BD-99B3-7A4C9E455BC9}.Debug|x86.ActiveCfg = Debug|Win32
		{5445895A-7EC7-43BD-99B3-7A4C9E455BC9}.Debug|x86.Build.0 = Debug|Win32
		{5445895A-7EC7-43BD-99B3-7A4C9E455BC9}.Release|x64.ActiveCfg = Release|x64
		{5445895A-7EC7-43BD-99B3-7A4C9E455BC9}.Release|x64.Build.0 = Release|x64
		{5445895A-7EC7-43BD-99B3-7A4C9E455BC9}.Release|x86.ActiveCfg = Release|Win32
		{5445895A-7EC7-43BD-99B3-7A4C9E455BC9}.Release|x86.Build.0 = Release|Win32
		{9A779E57-675A-4585-B923-D73FCB1B2104}.Debug|x64.ActiveCfg = Debug|x64
		{9A779E57-675A-4585-B923-D73FCB1B2104}.Debug|x64.Build.0 = Debug|x64
		{9A779E57-675A-4585-B923-D73FCB1B2104}.Debug|x86.ActiveCfg = Debug|Win32
		{9A779E57-675A-4585-B923-D73FCB1B2104}.Debug|x86.Build.0 = Debug|Win32
		{9A779E57-675A-4585-B923-D73FCB1B2104}.Release|x64.ActiveCfg = Release|x64
		{9A779E57-675A-4585-B923-D73FCB1B2104}.Release|x64.Build.0 = Release|x64
		{9A779E57-675A-4585-B923-D73FCB1B2104}.Release|x86.ActiveCfg = Release|Win32
		{9A779E57-675A-4585-B923-D73FCB1B2104}.Release|x86.Build.0 = Release|Win32
		{40EE779E-D02E-48BE-ABA0-C96482AAC545}.Debug|x64.ActiveCfg = Debug|x64
		{40EE779E-D02E-48BE-ABA0-C96482AAC545}.Debug|x64.Build.0 = Debug|x64
		{40EE779E-D02E-48BE-ABA0-C96482AAC545}.Debug|x86.ActiveCfg = Debug|Win32
		{40EE779E-D02E-48BE-ABA0-C96482AAC545}.Debug|x86.Build.0 = Debug|Win32
		{40EE779E-D02E-48BE-ABA0-C96482AAC545}.Release|x64.ActiveCfg = Release|x64
		{40EE779E-D02E-48BE-ABA0-C96482AAC545}.Release|x64.Build.0 = Release|x64
		{40EE779E-D02E-48BE-ABA0-C96482AAC545}.Release|x86.ActiveCfg = Release|Win32
		{40EE779E-D02E-48BE-ABA0-C96482AAC545}.Release|x86.Build.0 = Release|Win32
		{BEAB2873-4AE0-460E-BF16-D387E7C97AD3}.Debug|x64.ActiveCfg = Debug|x64
		{BEAB2873-4AE0-460E-BF16-D387E7C97AD3}.Debug|x64.Build.0 = Debug|x64
		{BEAB2873-4AE0-460E-BF16-D387E7C97AD3}.Debug|x86.ActiveCfg = Debug|Win32
		{BEAB2873-4AE0-460E-BF16-D387E7C97AD3}.Debug|x86.Build.0 = Debug|Win32
		{BEAB2873-4AE0-460E-BF16-D387E7C97AD3}.Release|x64.ActiveCfg = Release|x64
		{BEAB2873-4AE0-460E-BF16-D387E7C97AD3}.Release|x64.Build.0 = Release|x64
		{BEAB2873-4AE0-460E-BF16-D387E7C97AD3}.Release|x86.ActiveCfg = Release|Win32
		{BEAB2873-4AE0-460E-BF16-D387E7C97AD3}.Release|x86.Build.0 = Release|Win32
		{FAA00456-A2F3-4FF1-B1B9-F7FCC11D530A}.Debug|x64.ActiveCfg = Debug|x64
		{FAA00456-A2F3-4FF1-B1B9-F7FCC11D530A}.Debug|x64.Build.0 = Debug|x64
		{FAA00456-A2F3-4FF1-B1B9-F7FCC11D530A}.Debug|x86.ActiveCfg = Debug|Win32
		{FAA00456-A2F3-4FF1-B1B9-F7FCC11D530A}.Debug|x86.Build.0 = Debug|Win32
		{FAA00456-A2F3-4FF1-B1B9-F7FCC11D530A}.Release|x64.ActiveCfg = Release|x64
		{FAA00456-A2F3-4FF1-B1B9-F7FCC11D530A}.Release|x64.Build.0 = Release|x64
		{FAA00456-A2F3-4FF1-B1B9-F7FCC11D530A}.Release|x86.ActiveCfg = Release|Win32
		{FAA00456-A2F3-4FF1-B1B9-F7FCC11D530A}.Release|x86.Build.0 = Release|Win32
		{C6F2FB1F-2D22-45F5-B04C-22DC3945AED1}.Debug|x64.ActiveCfg = Debug|x64
		{C6F2FB1F-2D22-45F5-B04C-22DC3945AED1}.Debug|x64.Build.0 = Debug|x64
		{C6F2FB1F-2D22-45F5-B04C-22DC3945AED1}.Debug|x86.ActiveCfg = Debug|Win32
		{C6F2FB1F-2D22-45F5-B04C-22DC3945AED1}.Debug|x86.Build.0 = Debug|Win32
		{C6F2FB1F-2D22-45F5-B04C-22DC3945AED1}.Release|x64.ActiveCfg = Release|x64
		{C6F2FB1F-2D22-45F5-B04C-22DC3945AED1}.Release|x64.Build.0 = Release|x64
		{C6F2FB1F-2D22-45F5-B04C-22DC3945AED1}.Release|x86.ActiveCfg = Release|Win32
		{C6F2FB1F-2D22-45F5-B04C-22DC3945AED1}.Release|x86.Build.0 = Release|Win32
		{74FCEB43-38B6-40D5-8246-9710C37AC549}.Debug|x64.ActiveCfg = Debug|x64
		{74FCEB43-38B6-40D5-8246-9710C37AC549}.Debug|x64.Build.0 = Debug|x64
		{74FCEB43-38B6-40D5-8246-9710C37AC549}.Debug|x86.ActiveCfg = Debug|Win32
		{74FCEB43-38B6-40D5-8246-9710C37AC549}.Debug|x86.Build.0 = Debug|Win32
		{74FCEB43-38B6-40D5-8246-9710C37AC549}.Release|x64.ActiveCfg = Release|x64
		{74FCEB43-38B6-40D5-8246-9710C37AC549}.Release|x64.Build.0 = Release|x64
		{74FCEB43-38B6-40D5-8246-9710C37AC549}.Release|x86.ActiveCfg = Release|Win32
		{74FCEB43-38B6-40D5-8246-9710C37AC549}.Release|x86.Build.0 = Release|Win32
		{B831E2DE-DE28-4865-8601-4AE554E38B4E}.Debug|x64.ActiveCfg = Debug|x64
		{B831E2DE-DE28-4865-8601-4AE554E38B4E}.Debug|x64.Build.0 = Debug|x64
		{B831E2DE-DE28-4865-8601-4AE554E38B4E}.Debug|x86.ActiveCfg = Debug|Win32
		{B831E2DE-DE28-4865-8601-4AE554E38B4E}.Debug|x86.Build.0 = Debug|Win32
		{B831E2DE-DE28-4865-8601-4AE554E38B4E}.Release|x64.ActiveCfg = Release|x64
		{B831E2DE-DE28-4865-8601-4AE554E38B4E}.Release|x64.Build.0 = Release|x64
		{B831E2DE-DE28-4865-8601-4AE554E38B4E}.Release|x86.ActiveCfg = Release|Win32
		{B831E2DE-DE28-4865-8601-4AE554E38B4E}.Release|x86.Build.0 = Release|Win32
		{AC6E9D23-0C9D-4F9C-933B-3BFC450EB840}.Debug|x64.ActiveCfg = Debug|x64
		{AC6E9D23-0C9D-4F9C-933B-3BFC450EB840}.Debug|x64.Build.0 = Debug|x64
		{AC6E9D23-0C9D-4F9C-933B-3BFC450EB840}.Debug|x86.ActiveCfg = Debug|Win32
		{AC6E9D23-0C9D-4F9C-933B-3BFC450EB840}.Debug|x86.Build.0 = Debug|Win32
		{AC6E9D23-0C9D-4F9C-933B-3BFC450EB840}.Release|x64.ActiveCfg = Release|x64
		{AC6E9D23-0C9D-4F9C-933B-3BFC450EB840}.Release|x64.Build.0 = Release|x64
		{AC6E9D23-0C9D-4F9C-933B-3BFC450EB840}.Release|x86.ActiveCfg = Release|Win32
		{AC6E9D23-0C9D-4F9C-933B-3BFC450EB840}.Release|x86.Build.0 = Release|Win32
		{22E65E20-C68D-43FC-9FEF-CD529829B416}.Debug|x64.ActiveCfg = Debug|x64
		{22E65E20-C68D-43FC-9FEF-CD529829B416}.Debug|x64.Build.0 = Debug|x64
		{22E65E20-C68D-43FC-9FEF-CD529829B416}.Debug|x86.ActiveCfg = Debug|Win32
		{22E65E20-C68D-43FC-9FEF-CD529829B416}.Debug|x86.Build.0 = Debug|Win32
		{22E65E20-C68D-43FC-9FEF-CD529829B416}.Release|x64.ActiveCfg = Release|x64
		{22E65E20-C68D-43FC-9FEF-CD529829B416}.Release|x64.Build.0 = Release|x64
		{22E65E20-C68D-43FC-9FEF-CD529829B416}.Release|x86.ActiveCfg = Release|Win32
		{22E65E20-C68D-43FC-9FEF-CD529829B416}.Release|x86.Build.0 = Release|Win32
		{B0C1C300-38D1-4005-A73A-159A14B6B6B7}.Debug|x64.ActiveCfg = Debug|x64
		{B0C1C300-38D1-4005-A73A-159A14B6B6B7}.Debug|x64.Build.0 = Debug|x64
		{B0C1C300-38D1-4005-A73A-159A14B6B6B7}.Debug|x86.ActiveCfg = Debug|Win32
		{B0C1C300-38D1-4005-A73A-159A14B6B6B7}.Debug|x86.Build.0 = Debug|Win32
		{B0C1C300-38D1-4005-A73A-159A14B6B6B7}.Release|x64.ActiveCfg = Release|x64
		{B0C1C300-38D1-4005-A73A-159A14B6B6B7}.Release|x64.Build.0 = Release|x64
		{B0C1C300-38D1-4005-A73A-159A14B6B6B7}.Release|x86.ActiveCfg = Release|Win32
		{B0C1C300-38D1-4005-A73A-159A14B6B6B7}.Release|x86.Build.0 = Release|Win32
		{B14596D9-5407-455B-9775-90AE4BB93449}.Debug|x64.ActiveCfg = Debug|x64
		{B14596D9-5407-455B-9775-90AE4BB93449}.Debug|x64.Build.0 = Debug|x64
		{B14596D9-5407-455B-9775-90AE4BB93449}.Debug|x86.ActiveCfg = Debug|Win32
		{B14596D9-5407-455B-9775-90AE4BB93449}.Debug|x86.Build.0 = Debug|Win32
		{B14596D9-5407-455B-9775-90AE4BB93449}.Release|x64.ActiveCfg = Release|x64
		{B14596D9-5407-455B-9775-90AE4BB93449}.Release|x64.Build.0 = Release|x64
		{B14596D9-5407-455B-9775-90AE4BB93449}.Release|x86.ActiveCfg = Release|Win32
		{B14596D9-5407-455B-9775-90AE4BB93449}.Release|x86.Build.0 = Release|Win32
		{56C8F877-66F1-4C89-8462-36C1F4BA559D}.Debug|x64.ActiveCfg = Debug|x64
		{56C8F877-66F1-4C89-8462-36C1F4BA559D}.Debug|x64.Build.0 = Debug|x64
		{56C8F877-66F1-4C89-8462-36C1F4BA559D}.Debug|x86.ActiveCfg = Debug|Win32
		{56C8F877-66F1-4C89-8462-36C1F4BA559D}.Debug|x86.Build.0 = Debug|Win32
		{56C8F877-66F1-4C89-8462-36C1F4BA559D}.Release|x64.ActiveCfg = Release|x64
		{56C8F877-66F1-4C89-8462-36C1F4BA559D}.Release|x64.Build.0 = Release|x64
		{56C8F877-66F1-4C89-8462-36C1F4BA559D}.Release|x86.ActiveCfg = Release|Win32
		{56C8F877-66F1-4C89-8462-36C1F4BA559D}.Release|x86.Build.0 = Release|Win32
		{A1841750-7F55-4207-B3A2-A8CD4DE4EC88}.Debug|x64.ActiveCfg = Debug|x64
		{A1841750-7F55-4207-B3A2-A8CD4DE4EC88}.Debug|x64.Build.0 = Debug|x64
		{A1841750-7F55-4207-B3A2-A8CD4DE4EC88}.Debug|x86.ActiveCfg = Debug|Win32
		{A1841750-7F55-4207-B3A2-A8CD4DE4EC88}.Debug|x86.Build.0 = Debug|Win32
		{A1841750-7F55-4207-B3A2-A8CD4DE4EC88}.Release|x64.ActiveCfg = Release|x64
		{A1841750-7F55-4207-B3A2-A8CD4DE4EC88}.Release|x64.Build.0 = Release|x64
		{A1841750-7F55-4207-B3A2-A8CD4DE4EC88}.Release|x86.ActiveCfg = Release|Win32
		{A1841750-7F55-4207-B3A2-A8CD4DE4EC88}.Release|x86.Build.0 = Release|Win32
	EndGlobalSection
	GlobalSection(SolutionProperties) = preSolution
		HideSolutionNode = FALSE
	EndGlobalSection
	GlobalSection(ExtensibilityGlobals) = postSolution
		SolutionGuid = {40ADA381-6BAF-4A9E-8B39-68A9CA1F6509}
	EndGlobalSection
EndGlobal
